
Microsoft Visual Studio Solution File, Format Version 12.00
# Visual Studio 15
VisualStudioVersion = 15.0.28307.539
MinimumVisualStudioVersion = 10.0.40219.1
Project("{FAE04EC0-301F-11D3-BF4B-00C04F79EFBC}") = "Banco VVBA", "Banco VVBA\Banco VVBA.csproj", "{3F80BE8A-431B-4901-A866-26FFFC75A720}"
EndProject
Global
	GlobalSection(SolutionConfigurationPlatforms) = preSolution
		Debug|Any CPU = Debug|Any CPU
		Release|Any CPU = Release|Any CPU
	EndGlobalSection
	GlobalSection(ProjectConfigurationPlatforms) = postSolution
		{3F80BE8A-431B-4901-A866-26FFFC75A720}.Debug|Any CPU.ActiveCfg = Debug|Any CPU
		{3F80BE8A-431B-4901-A866-26FFFC75A720}.Debug|Any CPU.Build.0 = Debug|Any CPU
		{3F80BE8A-431B-4901-A866-26FFFC75A720}.Release|Any CPU.ActiveCfg = Release|Any CPU
		{3F80BE8A-431B-4901-A866-26FFFC75A720}.Release|Any CPU.Build.0 = Release|Any CPU
	EndGlobalSection
	GlobalSection(SolutionProperties) = preSolution
		HideSolutionNode = FALSE
	EndGlobalSection
	GlobalSection(ExtensibilityGlobals) = postSolution
		SolutionGuid = {0CB099A3-C95C-4086-A941-C32F36672F58}
	EndGlobalSection
EndGlobal
